
Microsoft Visual Studio Solution File, Format Version 12.00
# Visual Studio Version 17
VisualStudioVersion = 17.7.33808.371
MinimumVisualStudioVersion = 10.0.40219.1
Project("{9A19103F-16F7-4668-BE54-9A1E7A4F7556}") = "CardnetConsole", "CardnetConsole\CardnetConsole.csproj", "{27351920-E550-4E1D-BB31-6113A1628ABC}"
EndProject
Project("{FAE04EC0-301F-11D3-BF4B-00C04F79EFBC}") = "AzulConsole", "AzulConsole\AzulConsole.csproj", "{40E13E34-7019-4F56-ADD7-4E3B2FC4ABA4}"
EndProject
Global
	GlobalSection(SolutionConfigurationPlatforms) = preSolution
		Debug|Any CPU = Debug|Any CPU
		Release|Any CPU = Release|Any CPU
	EndGlobalSection
	GlobalSection(ProjectConfigurationPlatforms) = postSolution
		{27351920-E550-4E1D-BB31-6113A1628ABC}.Debug|Any CPU.ActiveCfg = Debug|Any CPU
		{27351920-E550-4E1D-BB31-6113A1628ABC}.Debug|Any CPU.Build.0 = Debug|Any CPU
		{27351920-E550-4E1D-BB31-6113A1628ABC}.Release|Any CPU.ActiveCfg = Release|Any CPU
		{27351920-E550-4E1D-BB31-6113A1628ABC}.Release|Any CPU.Build.0 = Release|Any CPU
		{40E13E34-7019-4F56-ADD7-4E3B2FC4ABA4}.Debug|Any CPU.ActiveCfg = Debug|Any CPU
		{40E13E34-7019-4F56-ADD7-4E3B2FC4ABA4}.Debug|Any CPU.Build.0 = Debug|Any CPU
		{40E13E34-7019-4F56-ADD7-4E3B2FC4ABA4}.Release|Any CPU.ActiveCfg = Release|Any CPU
		{40E13E34-7019-4F56-ADD7-4E3B2FC4ABA4}.Release|Any CPU.Build.0 = Release|Any CPU
	EndGlobalSection
	GlobalSection(SolutionProperties) = preSolution
		HideSolutionNode = FALSE
	EndGlobalSection
	GlobalSection(ExtensibilityGlobals) = postSolution
		SolutionGuid = {D0413178-6D22-4507-AFE2-0121E9631216}
	EndGlobalSection
EndGlobal
